
Microsoft Visual Studio Solution File, Format Version 12.00
# Visual Studio Version 17
VisualStudioVersion = 17.4.32916.344
MinimumVisualStudioVersion = 10.0.40219.1
Project("{2150E333-8FDC-42A3-9474-1A3956D46DE8}") = "1- QueueSendAndReceive", "1- QueueSendAndReceive", "{1E4A6E09-79B0-472B-8AA1-D865D02E5FE3}"
EndProject
Project("{9A19103F-16F7-4668-BE54-9A1E7A4F7556}") = "Producer", "1- QueueSendAndReceive\Producer\Producer.csproj", "{B64F467A-E3D0-4476-BEE9-BB131F6E205D}"
EndProject
Project("{FAE04EC0-301F-11D3-BF4B-00C04F79EFBC}") = "Consumer", "1- QueueSendAndReceive\Consumer\Consumer\Consumer.csproj", "{258615DB-7281-4531-99A0-E546DCD37724}"
EndProject
Global
	GlobalSection(SolutionConfigurationPlatforms) = preSolution
		Debug|Any CPU = Debug|Any CPU
		Release|Any CPU = Release|Any CPU
	EndGlobalSection
	GlobalSection(ProjectConfigurationPlatforms) = postSolution
		{B64F467A-E3D0-4476-BEE9-BB131F6E205D}.Debug|Any CPU.ActiveCfg = Debug|Any CPU
		{B64F467A-E3D0-4476-BEE9-BB131F6E205D}.Debug|Any CPU.Build.0 = Debug|Any CPU
		{B64F467A-E3D0-4476-BEE9-BB131F6E205D}.Release|Any CPU.ActiveCfg = Release|Any CPU
		{B64F467A-E3D0-4476-BEE9-BB131F6E205D}.Release|Any CPU.Build.0 = Release|Any CPU
		{258615DB-7281-4531-99A0-E546DCD37724}.Debug|Any CPU.ActiveCfg = Debug|Any CPU
		{258615DB-7281-4531-99A0-E546DCD37724}.Debug|Any CPU.Build.0 = Debug|Any CPU
		{258615DB-7281-4531-99A0-E546DCD37724}.Release|Any CPU.ActiveCfg = Release|Any CPU
		{258615DB-7281-4531-99A0-E546DCD37724}.Release|Any CPU.Build.0 = Release|Any CPU
	EndGlobalSection
	GlobalSection(SolutionProperties) = preSolution
		HideSolutionNode = FALSE
	EndGlobalSection
	GlobalSection(NestedProjects) = preSolution
		{B64F467A-E3D0-4476-BEE9-BB131F6E205D} = {1E4A6E09-79B0-472B-8AA1-D865D02E5FE3}
		{258615DB-7281-4531-99A0-E546DCD37724} = {1E4A6E09-79B0-472B-8AA1-D865D02E5FE3}
	EndGlobalSection
	GlobalSection(ExtensibilityGlobals) = postSolution
		SolutionGuid = {D68637F9-A690-4ADB-84B0-8E469971D1C8}
	EndGlobalSection
EndGlobal
